
Microsoft Visual Studio Solution File, Format Version 12.00
# Visual Studio Version 16
VisualStudioVersion = 16.0.29215.179
MinimumVisualStudioVersion = 10.0.40219.1
Project("{FAE04EC0-301F-11D3-BF4B-00C04F79EFBC}") = "SimPadController", "SimPadController\SimPadController.csproj", "{28CB8035-44A5-4CB3-8D82-C3E1F1ED5BFD}"
EndProject
Project("{FAE04EC0-301F-11D3-BF4B-00C04F79EFBC}") = "SimPadController_Test", "SimPadController_Test\SimPadController_Test.csproj", "{EDAF8588-05D1-477F-B20E-6B8CF74B7265}"
EndProject
Global
	GlobalSection(SolutionConfigurationPlatforms) = preSolution
		Debug|Any CPU = Debug|Any CPU
		Release|Any CPU = Release|Any CPU
	EndGlobalSection
	GlobalSection(ProjectConfigurationPlatforms) = postSolution
		{28CB8035-44A5-4CB3-8D82-C3E1F1ED5BFD}.Debug|Any CPU.ActiveCfg = Debug|Any CPU
		{28CB8035-44A5-4CB3-8D82-C3E1F1ED5BFD}.Debug|Any CPU.Build.0 = Debug|Any CPU
		{28CB8035-44A5-4CB3-8D82-C3E1F1ED5BFD}.Release|Any CPU.ActiveCfg = Release|Any CPU
		{28CB8035-44A5-4CB3-8D82-C3E1F1ED5BFD}.Release|Any CPU.Build.0 = Release|Any CPU
		{EDAF8588-05D1-477F-B20E-6B8CF74B7265}.Debug|Any CPU.ActiveCfg = Debug|Any CPU
		{EDAF8588-05D1-477F-B20E-6B8CF74B7265}.Debug|Any CPU.Build.0 = Debug|Any CPU
		{EDAF8588-05D1-477F-B20E-6B8CF74B7265}.Release|Any CPU.ActiveCfg = Release|Any CPU
		{EDAF8588-05D1-477F-B20E-6B8CF74B7265}.Release|Any CPU.Build.0 = Release|Any CPU
	EndGlobalSection
	GlobalSection(SolutionProperties) = preSolution
		HideSolutionNode = FALSE
	EndGlobalSection
	GlobalSection(ExtensibilityGlobals) = postSolution
		SolutionGuid = {B5024BFE-050C-4505-BF55-8820FFE5E47F}
	EndGlobalSection
EndGlobal
